
Microsoft Visual Studio Solution File, Format Version 12.00
# Visual Studio Version 16
VisualStudioVersion = 16.0.29318.209
MinimumVisualStudioVersion = 10.0.40219.1
Project("{9A19103F-16F7-4668-BE54-9A1E7A4F7556}") = "MyLittleChat", "MyLittleChat\MyLittleChat.csproj", "{9E5E1E7C-B1F7-45C2-885E-BD3261D6C092}"
EndProject
Project("{9A19103F-16F7-4668-BE54-9A1E7A4F7556}") = "MyLittleChatDL", "MyLittleChatDL\MyLittleChatDL.csproj", "{7F7B7546-C406-4929-A84D-01F5D5D556E1}"
EndProject
Project("{9A19103F-16F7-4668-BE54-9A1E7A4F7556}") = "MyLittleChatBL", "MyLittleChatBL\MyLittleChatBL.csproj", "{5DE76346-DDB1-4965-8EA8-BFAB90AD3253}"
EndProject
Global
	GlobalSection(SolutionConfigurationPlatforms) = preSolution
		Debug|Any CPU = Debug|Any CPU
		Release|Any CPU = Release|Any CPU
	EndGlobalSection
	GlobalSection(ProjectConfigurationPlatforms) = postSolution
		{9E5E1E7C-B1F7-45C2-885E-BD3261D6C092}.Debug|Any CPU.ActiveCfg = Debug|Any CPU
		{9E5E1E7C-B1F7-45C2-885E-BD3261D6C092}.Debug|Any CPU.Build.0 = Debug|Any CPU
		{9E5E1E7C-B1F7-45C2-885E-BD3261D6C092}.Release|Any CPU.ActiveCfg = Release|Any CPU
		{9E5E1E7C-B1F7-45C2-885E-BD3261D6C092}.Release|Any CPU.Build.0 = Release|Any CPU
		{7F7B7546-C406-4929-A84D-01F5D5D556E1}.Debug|Any CPU.ActiveCfg = Debug|Any CPU
		{7F7B7546-C406-4929-A84D-01F5D5D556E1}.Debug|Any CPU.Build.0 = Debug|Any CPU
		{7F7B7546-C406-4929-A84D-01F5D5D556E1}.Release|Any CPU.ActiveCfg = Release|Any CPU
		{7F7B7546-C406-4929-A84D-01F5D5D556E1}.Release|Any CPU.Build.0 = Release|Any CPU
		{5DE76346-DDB1-4965-8EA8-BFAB90AD3253}.Debug|Any CPU.ActiveCfg = Debug|Any CPU
		{5DE76346-DDB1-4965-8EA8-BFAB90AD3253}.Debug|Any CPU.Build.0 = Debug|Any CPU
		{5DE76346-DDB1-4965-8EA8-BFAB90AD3253}.Release|Any CPU.ActiveCfg = Release|Any CPU
		{5DE76346-DDB1-4965-8EA8-BFAB90AD3253}.Release|Any CPU.Build.0 = Release|Any CPU
	EndGlobalSection
	GlobalSection(SolutionProperties) = preSolution
		HideSolutionNode = FALSE
	EndGlobalSection
	GlobalSection(ExtensibilityGlobals) = postSolution
		SolutionGuid = {EF9D8FA9-8F4A-4FE4-9CC7-30E4E1F03CFD}
	EndGlobalSection
EndGlobal
