
Microsoft Visual Studio Solution File, Format Version 12.00
# Visual Studio Version 16
VisualStudioVersion = 16.0.29318.209
MinimumVisualStudioVersion = 10.0.40219.1
Project("{FAE04EC0-301F-11D3-BF4B-00C04F79EFBC}") = "MyLittleChat", "MyLittleChat\MyLittleChat.csproj", "{9E5E1E7C-B1F7-45C2-885E-BD3261D6C092}"
EndProject
Global
	GlobalSection(SolutionConfigurationPlatforms) = preSolution
		Debug|Any CPU = Debug|Any CPU
		Release|Any CPU = Release|Any CPU
	EndGlobalSection
	GlobalSection(ProjectConfigurationPlatforms) = postSolution
		{9E5E1E7C-B1F7-45C2-885E-BD3261D6C092}.Debug|Any CPU.ActiveCfg = Debug|Any CPU
		{9E5E1E7C-B1F7-45C2-885E-BD3261D6C092}.Debug|Any CPU.Build.0 = Debug|Any CPU
		{9E5E1E7C-B1F7-45C2-885E-BD3261D6C092}.Release|Any CPU.ActiveCfg = Release|Any CPU
		{9E5E1E7C-B1F7-45C2-885E-BD3261D6C092}.Release|Any CPU.Build.0 = Release|Any CPU
	EndGlobalSection
	GlobalSection(SolutionProperties) = preSolution
		HideSolutionNode = FALSE
	EndGlobalSection
	GlobalSection(ExtensibilityGlobals) = postSolution
		SolutionGuid = {EF9D8FA9-8F4A-4FE4-9CC7-30E4E1F03CFD}
	EndGlobalSection
EndGlobal
